
Microsoft Visual Studio Solution File, Format Version 12.00
# Visual Studio Version 17
VisualStudioVersion = 17.2.32630.192
MinimumVisualStudioVersion = 10.0.40219.1
Project("{9A19103F-16F7-4668-BE54-9A1E7A4F7556}") = "SocketServer", "SocketServer\SocketServer.csproj", "{EDF607DD-7AC4-44F9-BB05-B3694D1B2FCE}"
EndProject
Project("{FAE04EC0-301F-11D3-BF4B-00C04F79EFBC}") = "SocketServerTests", "SocketServerTests\SocketServerTests.csproj", "{7354479A-F7FC-4BB4-80CC-FE29E5ECA123}"
EndProject
Global
	GlobalSection(SolutionConfigurationPlatforms) = preSolution
		Debug|Any CPU = Debug|Any CPU
		Release|Any CPU = Release|Any CPU
	EndGlobalSection
	GlobalSection(ProjectConfigurationPlatforms) = postSolution
		{EDF607DD-7AC4-44F9-BB05-B3694D1B2FCE}.Debug|Any CPU.ActiveCfg = Debug|Any CPU
		{EDF607DD-7AC4-44F9-BB05-B3694D1B2FCE}.Debug|Any CPU.Build.0 = Debug|Any CPU
		{EDF607DD-7AC4-44F9-BB05-B3694D1B2FCE}.Release|Any CPU.ActiveCfg = Release|Any CPU
		{EDF607DD-7AC4-44F9-BB05-B3694D1B2FCE}.Release|Any CPU.Build.0 = Release|Any CPU
		{7354479A-F7FC-4BB4-80CC-FE29E5ECA123}.Debug|Any CPU.ActiveCfg = Debug|Any CPU
		{7354479A-F7FC-4BB4-80CC-FE29E5ECA123}.Debug|Any CPU.Build.0 = Debug|Any CPU
		{7354479A-F7FC-4BB4-80CC-FE29E5ECA123}.Release|Any CPU.ActiveCfg = Release|Any CPU
		{7354479A-F7FC-4BB4-80CC-FE29E5ECA123}.Release|Any CPU.Build.0 = Release|Any CPU
	EndGlobalSection
	GlobalSection(SolutionProperties) = preSolution
		HideSolutionNode = FALSE
	EndGlobalSection
	GlobalSection(ExtensibilityGlobals) = postSolution
		SolutionGuid = {432C50C7-57DA-48A3-9823-B89BF7FD55CB}
	EndGlobalSection
EndGlobal
