
Microsoft Visual Studio Solution File, Format Version 12.00
# Visual Studio Version 17
VisualStudioVersion = 17.2.32630.192
MinimumVisualStudioVersion = 10.0.40219.1
Project("{9A19103F-16F7-4668-BE54-9A1E7A4F7556}") = "SocketClient", "SocketClient\SocketClient.csproj", "{8CDF100B-0860-4DFE-BAE9-05E528B33642}"
EndProject
Project("{9A19103F-16F7-4668-BE54-9A1E7A4F7556}") = "SocketClientTests", "SocketClientTests1\SocketClientTests.csproj", "{820029C3-893F-487C-9D3C-778BE0B73B40}"
EndProject
Global
	GlobalSection(SolutionConfigurationPlatforms) = preSolution
		Debug|Any CPU = Debug|Any CPU
		Release|Any CPU = Release|Any CPU
	EndGlobalSection
	GlobalSection(ProjectConfigurationPlatforms) = postSolution
		{8CDF100B-0860-4DFE-BAE9-05E528B33642}.Debug|Any CPU.ActiveCfg = Debug|Any CPU
		{8CDF100B-0860-4DFE-BAE9-05E528B33642}.Debug|Any CPU.Build.0 = Debug|Any CPU
		{8CDF100B-0860-4DFE-BAE9-05E528B33642}.Release|Any CPU.ActiveCfg = Release|Any CPU
		{8CDF100B-0860-4DFE-BAE9-05E528B33642}.Release|Any CPU.Build.0 = Release|Any CPU
		{820029C3-893F-487C-9D3C-778BE0B73B40}.Debug|Any CPU.ActiveCfg = Debug|Any CPU
		{820029C3-893F-487C-9D3C-778BE0B73B40}.Debug|Any CPU.Build.0 = Debug|Any CPU
		{820029C3-893F-487C-9D3C-778BE0B73B40}.Release|Any CPU.ActiveCfg = Release|Any CPU
		{820029C3-893F-487C-9D3C-778BE0B73B40}.Release|Any CPU.Build.0 = Release|Any CPU
	EndGlobalSection
	GlobalSection(SolutionProperties) = preSolution
		HideSolutionNode = FALSE
	EndGlobalSection
	GlobalSection(ExtensibilityGlobals) = postSolution
		SolutionGuid = {2F711D56-BCFE-4639-BE09-2758798862E9}
	EndGlobalSection
EndGlobal
